// !$*UTF8*$!
{
	archiveVersion = 1;
	classes = {
	};
	objectVersion = 77;
	objects = {

/* Begin PBXContainerItemProxy section */
		CEDDD1672EA38D6500C6085F /* PBXContainerItemProxy */ = {
			isa = PBXContainerItemProxy;
			containerPortal = CEDDD1512EA38D6300C6085F /* Project object */;
			proxyType = 1;
			remoteGlobalIDString = CEDDD1582EA38D6300C6085F;
			remoteInfo = OCR_LLM;
		};
		CEDDD1712EA38D6500C6085F /* PBXContainerItemProxy */ = {
			isa = PBXContainerItemProxy;
			containerPortal = CEDDD1512EA38D6300C6085F /* Project object */;
			proxyType = 1;
			remoteGlobalIDString = CEDDD1582EA38D6300C6085F;
			remoteInfo = OCR_LLM;
		};
/* End PBXContainerItemProxy section */

/* Begin PBXFileReference section */
		CEDDD1592EA38D6300C6085F /* OCR_LLM.app */ = {isa = PBXFileReference; explicitFileType = wrapper.application; includeInIndex = 0; path = OCR_LLM.app; sourceTree = BUILT_PRODUCTS_DIR; };
		CEDDD1662EA38D6500C6085F /* OCR_LLMTests.xctest */ = {isa = PBXFileReference; explicitFileType = wrapper.cfbundle; includeInIndex = 0; path = OCR_LLMTests.xctest; sourceTree = BUILT_PRODUCTS_DIR; };
		CEDDD1702EA38D6500C6085F /* OCR_LLMUITests.xctest */ = {isa = PBXFileReference; explicitFileType = wrapper.cfbundle; includeInIndex = 0; path = OCR_LLMUITests.xctest; sourceTree = BUILT_PRODUCTS_DIR; };
/* End PBXFileReference section */

/* Begin PBXFileSystemSynchronizedRootGroup section */
		CEDDD15B2EA38D6300C6085F /* OCR_LLM */ = {
			isa = PBXFileSystemSynchronizedRootGroup;
			path = OCR_LLM;
			sourceTree = "<group>";
		};
		CEDDD1692EA38D6500C6085F /* OCR_LLMTests */ = {
			isa = PBXFileSystemSynchronizedRootGroup;
			path = OCR_LLMTests;
			sourceTree = "<group>";
		};
		CEDDD1732EA38D6500C6085F /* OCR_LLMUITests */ = {
			isa = PBXFileSystemSynchronizedRootGroup;
			path = OCR_LLMUITests;
			sourceTree = "<group>";
		};
/* End PBXFileSystemSynchronizedRootGroup section */

/* Begin PBXFrameworksBuildPhase section */
		CEDDD1562EA38D6300C6085F /* Frameworks */ = {
			isa = PBXFrameworksBuildPhase;
			buildActionMask = 2147483647;
			files = (
			);
			runOnlyForDeploymentPostprocessing = 0;
		};
		CEDDD1632EA38D6500C6085F /* Frameworks */ = {
			isa = PBXFrameworksBuildPhase;
			buildActionMask = 2147483647;
			files = (
			);
			runOnlyForDeploymentPostprocessing = 0;
		};
		CEDDD16D2EA38D6500C6085F /* Frameworks */ = {
			isa = PBXFrameworksBuildPhase;
			buildActionMask = 2147483647;
			files = (
			);
			runOnlyForDeploymentPostprocessing = 0;
		};
/* End PBXFrameworksBuildPhase section */

/* Begin PBXGroup section */
		CEDDD1502EA38D6300C6085F = {
			isa = PBXGroup;
			children = (
				CEDDD15B2EA38D6300C6085F /* OCR_LLM */,
				CEDDD1692EA38D6500C6085F /* OCR_LLMTests */,
				CEDDD1732EA38D6500C6085F /* OCR_LLMUITests */,
				CEDDD15A2EA38D6300C6085F /* Products */,
			);
			sourceTree = "<group>";
		};
		CEDDD15A2EA38D6300C6085F /* Products */ = {
			isa = PBXGroup;
			children = (
				CEDDD1592EA38D6300C6085F /* OCR_LLM.app */,
				CEDDD1662EA38D6500C6085F /* OCR_LLMTests.xctest */,
				CEDDD1702EA38D6500C6085F /* OCR_LLMUITests.xctest */,
			);
			name = Products;
			sourceTree = "<group>";
		};
/* End PBXGroup section */

/* Begin PBXNativeTarget section */
		CEDDD1582EA38D6300C6085F /* OCR_LLM */ = {
			isa = PBXNativeTarget;
			buildConfigurationList = CEDDD17A2EA38D6500C6085F /* Build configuration list for PBXNativeTarget "OCR_LLM" */;
			buildPhases = (
				CEDDD1552EA38D6300C6085F /* Sources */,
				CEDDD1562EA38D6300C6085F /* Frameworks */,
				CEDDD1572EA38D6300C6085F /* Resources */,
			);
			buildRules = (
			);
			dependencies = (
			);
			fileSystemSynchronizedGroups = (
				CEDDD15B2EA38D6300C6085F /* OCR_LLM */,
			);
			name = OCR_LLM;
			packageProductDependencies = (
			);
			productName = OCR_LLM;
			productReference = CEDDD1592EA38D6300C6085F /* OCR_LLM.app */;
			productType = "com.apple.product-type.application";
		};
		CEDDD1652EA38D6500C6085F /* OCR_LLMTests */ = {
			isa = PBXNativeTarget;
			buildConfigurationList = CEDDD17D2EA38D6500C6085F /* Build configuration list for PBXNativeTarget "OCR_LLMTests" */;
			buildPhases = (
				CEDDD1622EA38D6500C6085F /* Sources */,
				CEDDD1632EA38D6500C6085F /* Frameworks */,
				CEDDD1642EA38D6500C6085F /* Resources */,
			);
			buildRules = (
			);
			dependencies = (
				CEDDD1682EA38D6500C6085F /* PBXTargetDependency */,
			);
			fileSystemSynchronizedGroups = (
				CEDDD1692EA38D6500C6085F /* OCR_LLMTests */,
			);
			name = OCR_LLMTests;
			packageProductDependencies = (
			);
			productName = OCR_LLMTests;
			productReference = CEDDD1662EA38D6500C6085F /* OCR_LLMTests.xctest */;
			productType = "com.apple.product-type.bundle.unit-test";
		};
		CEDDD16F2EA38D6500C6085F /* OCR_LLMUITests */ = {
			isa = PBXNativeTarget;
			buildConfigurationList = CEDDD1802EA38D6500C6085F /* Build configuration list for PBXNativeTarget "OCR_LLMUITests" */;
			buildPhases = (
				CEDDD16C2EA38D6500C6085F /* Sources */,
				CEDDD16D2EA38D6500C6085F /* Frameworks */,
				CEDDD16E2EA38D6500C6085F /* Resources */,
			);
			buildRules = (
			);
			dependencies = (
				CEDDD1722EA38D6500C6085F /* PBXTargetDependency */,
			);
			fileSystemSynchronizedGroups = (
				CEDDD1732EA38D6500C6085F /* OCR_LLMUITests */,
			);
			name = OCR_LLMUITests;
			packageProductDependencies = (
			);
			productName = OCR_LLMUITests;
			productReference = CEDDD1702EA38D6500C6085F /* OCR_LLMUITests.xctest */;
			productType = "com.apple.product-type.bundle.ui-testing";
		};
/* End PBXNativeTarget section */

/* Begin PBXProject section */
		CEDDD1512EA38D6300C6085F /* Project object */ = {
			isa = PBXProject;
			attributes = {
				BuildIndependentTargetsInParallel = 1;
				LastSwiftUpdateCheck = 2600;
				LastUpgradeCheck = 2600;
				TargetAttributes = {
					CEDDD1582EA38D6300C6085F = {
						CreatedOnToolsVersion = 26.0.1;
					};
					CEDDD1652EA38D6500C6085F = {
						CreatedOnToolsVersion = 26.0.1;
						TestTargetID = CEDDD1582EA38D6300C6085F;
					};
					CEDDD16F2EA38D6500C6085F = {
						CreatedOnToolsVersion = 26.0.1;
						TestTargetID = CEDDD1582EA38D6300C6085F;
					};
				};
			};
			buildConfigurationList = CEDDD1542EA38D6300C6085F /* Build configuration list for PBXProject "OCR_LLM" */;
			developmentRegion = en;
			hasScannedForEncodings = 0;
			knownRegions = (
				en,
				Base,
			);
			mainGroup = CEDDD1502EA38D6300C6085F;
			minimizedProjectReferenceProxies = 1;
			preferredProjectObjectVersion = 77;
			productRefGroup = CEDDD15A2EA38D6300C6085F /* Products */;
			projectDirPath = "";
			projectRoot = "";
			targets = (
				CEDDD1582EA38D6300C6085F /* OCR_LLM */,
				CEDDD1652EA38D6500C6085F /* OCR_LLMTests */,
				CEDDD16F2EA38D6500C6085F /* OCR_LLMUITests */,
			);
		};
/* End PBXProject section */

/* Begin PBXResourcesBuildPhase section */
		CEDDD1572EA38D6300C6085F /* Resources */ = {
			isa = PBXResourcesBuildPhase;
			buildActionMask = 2147483647;
			files = (
			);
			runOnlyForDeploymentPostprocessing = 0;
		};
		CEDDD1642EA38D6500C6085F /* Resources */ = {
			isa = PBXResourcesBuildPhase;
			buildActionMask = 2147483647;
			files = (
			);
			runOnlyForDeploymentPostprocessing = 0;
		};
		CEDDD16E2EA38D6500C6085F /* Resources */ = {
			isa = PBXResourcesBuildPhase;
			buildActionMask = 2147483647;
			files = (
			);
			runOnlyForDeploymentPostprocessing = 0;
		};
/* End PBXResourcesBuildPhase section */

/* Begin PBXSourcesBuildPhase section */
		CEDDD1552EA38D6300C6085F /* Sources */ = {
			isa = PBXSourcesBuildPhase;
			buildActionMask = 2147483647;
			files = (
			);
			runOnlyForDeploymentPostprocessing = 0;
		};
		CEDDD1622EA38D6500C6085F /* Sources */ = {
			isa = PBXSourcesBuildPhase;
			buildActionMask = 2147483647;
			files = (
			);
			runOnlyForDeploymentPostprocessing = 0;
		};
		CEDDD16C2EA38D6500C6085F /* Sources */ = {
			isa = PBXSourcesBuildPhase;
			buildActionMask = 2147483647;
			files = (
			);
			runOnlyForDeploymentPostprocessing = 0;
		};
/* End PBXSourcesBuildPhase section */

/* Begin PBXTargetDependency section */
		CEDDD1682EA38D6500C6085F /* PBXTargetDependency */ = {
			isa = PBXTargetDependency;
			target = CEDDD1582EA38D6300C6085F /* OCR_LLM */;
			targetProxy = CEDDD1672EA38D6500C6085F /* PBXContainerItemProxy */;
		};
		CEDDD1722EA38D6500C6085F /* PBXTargetDependency */ = {
			isa = PBXTargetDependency;
			target = CEDDD1582EA38D6300C6085F /* OCR_LLM */;
			targetProxy = CEDDD1712EA38D6500C6085F /* PBXContainerItemProxy */;
		};
/* End PBXTargetDependency section */

/* Begin XCBuildConfiguration section */
		CEDDD1782EA38D6500C6085F /* Debug */ = {
			isa = XCBuildConfiguration;
			buildSettings = {
				ALWAYS_SEARCH_USER_PATHS = NO;
				ASSETCATALOG_COMPILER_GENERATE_SWIFT_ASSET_SYMBOL_EXTENSIONS = YES;
				CLANG_ANALYZER_NONNULL = YES;
				CLANG_ANALYZER_NUMBER_OBJECT_CONVERSION = YES_AGGRESSIVE;
				CLANG_CXX_LANGUAGE_STANDARD = "gnu++20";
				CLANG_ENABLE_MODULES = YES;
				CLANG_ENABLE_OBJC_ARC = YES;
				CLANG_ENABLE_OBJC_WEAK = YES;
				CLANG_WARN_BLOCK_CAPTURE_AUTORELEASING = YES;
				CLANG_WARN_BOOL_CONVERSION = YES;
				CLANG_WARN_COMMA = YES;
				CLANG_WARN_CONSTANT_CONVERSION = YES;
				CLANG_WARN_DEPRECATED_OBJC_IMPLEMENTATIONS = YES;
				CLANG_WARN_DIRECT_OBJC_ISA_USAGE = YES_ERROR;
				CLANG_WARN_DOCUMENTATION_COMMENTS = YES;
				CLANG_WARN_EMPTY_BODY = YES;
				CLANG_WARN_ENUM_CONVERSION = YES;
				CLANG_WARN_INFINITE_RECURSION = YES;
				CLANG_WARN_INT_CONVERSION = YES;
				CLANG_WARN_NON_LITERAL_NULL_CONVERSION = YES;
				CLANG_WARN_OBJC_IMPLICIT_RETAIN_SELF = YES;
				CLANG_WARN_OBJC_LITERAL_CONVERSION = YES;
				CLANG_WARN_OBJC_ROOT_CLASS = YES_ERROR;
				CLANG_WARN_QUOTED_INCLUDE_IN_FRAMEWORK_HEADER = YES;
				CLANG_WARN_RANGE_LOOP_ANALYSIS = YES;
				CLANG_WARN_STRICT_PROTOTYPES = YES;
				CLANG_WARN_SUSPICIOUS_MOVE = YES;
				CLANG_WARN_UNGUARDED_AVAILABILITY = YES_AGGRESSIVE;
				CLANG_WARN_UNREACHABLE_CODE = YES;
				CLANG_WARN__DUPLICATE_METHOD_MATCH = YES;
				COPY_PHASE_STRIP = NO;
				DEBUG_INFORMATION_FORMAT = dwarf;
				DEVELOPMENT_TEAM = Y4FV6WUU4V;
				ENABLE_STRICT_OBJC_MSGSEND = YES;
				ENABLE_TESTABILITY = YES;
				ENABLE_USER_SCRIPT_SANDBOXING = YES;
				GCC_C_LANGUAGE_STANDARD = gnu17;
				GCC_DYNAMIC_NO_PIC = NO;
				GCC_NO_COMMON_BLOCKS = YES;
				GCC_OPTIMIZATION_LEVEL = 0;
				GCC_PREPROCESSOR_DEFINITIONS = (
					"DEBUG=1",
					"$(inherited)",
				);
				GCC_WARN_64_TO_32_BIT_CONVERSION = YES;
				GCC_WARN_ABOUT_RETURN_TYPE = YES_ERROR;
				GCC_WARN_UNDECLARED_SELECTOR = YES;
				GCC_WARN_UNINITIALIZED_AUTOS = YES_AGGRESSIVE;
				GCC_WARN_UNUSED_FUNCTION = YES;
				GCC_WARN_UNUSED_VARIABLE = YES;
				LOCALIZATION_PREFERS_STRING_CATALOGS = YES;
				MACOSX_DEPLOYMENT_TARGET = 26.0;
				MTL_ENABLE_DEBUG_INFO = INCLUDE_SOURCE;
				MTL_FAST_MATH = YES;
				ONLY_ACTIVE_ARCH = YES;
				SDKROOT = macosx;
				SWIFT_ACTIVE_COMPILATION_CONDITIONS = "DEBUG $(inherited)";
				SWIFT_OPTIMIZATION_LEVEL = "-Onone";
			};
			name = Debug;
		};
		CEDDD1792EA38D6500C6085F /* Release */ = {
			isa = XCBuildConfiguration;
			buildSettings = {
				ALWAYS_SEARCH_USER_PATHS = NO;
				ASSETCATALOG_COMPILER_GENERATE_SWIFT_ASSET_SYMBOL_EXTENSIONS = YES;
				CLANG_ANALYZER_NONNULL = YES;
				CLANG_ANALYZER_NUMBER_OBJECT_CONVERSION = YES_AGGRESSIVE;
				CLANG_CXX_LANGUAGE_STANDARD = "gnu++20";
				CLANG_ENABLE_MODULES = YES;
				CLANG_ENABLE_OBJC_ARC = YES;
				CLANG_ENABLE_OBJC_WEAK = YES;
				CLANG_WARN_BLOCK_CAPTURE_AUTORELEASING = YES;
				CLANG_WARN_BOOL_CONVERSION = YES;
				CLANG_WARN_COMMA = YES;
				CLANG_WARN_CONSTANT_CONVERSION = YES;
				CLANG_WARN_DEPRECATED_OBJC_IMPLEMENTATIONS = YES;
				CLANG_WARN_DIRECT_OBJC_ISA_USAGE = YES_ERROR;
				CLANG_WARN_DOCUMENTATION_COMMENTS = YES;
				CLANG_WARN_EMPTY_BODY = YES;
				CLANG_WARN_ENUM_CONVERSION = YES;
				CLANG_WARN_INFINITE_RECURSION = YES;
				CLANG_WARN_INT_CONVERSION = YES;
				CLANG_WARN_NON_LITERAL_NULL_CONVERSION = YES;
				CLANG_WARN_OBJC_IMPLICIT_RETAIN_SELF = YES;
				CLANG_WARN_OBJC_LITERAL_CONVERSION = YES;
				CLANG_WARN_OBJC_ROOT_CLASS = YES_ERROR;
				CLANG_WARN_QUOTED_INCLUDE_IN_FRAMEWORK_HEADER = YES;
				CLANG_WARN_RANGE_LOOP_ANALYSIS = YES;
				CLANG_WARN_STRICT_PROTOTYPES = YES;
				CLANG_WARN_SUSPICIOUS_MOVE = YES;
				CLANG_WARN_UNGUARDED_AVAILABILITY = YES_AGGRESSIVE;
				CLANG_WARN_UNREACHABLE_CODE = YES;
				CLANG_WARN__DUPLICATE_METHOD_MATCH = YES;
				COPY_PHASE_STRIP = NO;
				DEBUG_INFORMATION_FORMAT = "dwarf-with-dsym";
				DEVELOPMENT_TEAM = Y4FV6WUU4V;
				ENABLE_NS_ASSERTIONS = NO;
				ENABLE_STRICT_OBJC_MSGSEND = YES;
				ENABLE_USER_SCRIPT_SANDBOXING = YES;
				GCC_C_LANGUAGE_STANDARD = gnu17;
				GCC_NO_COMMON_BLOCKS = YES;
				GCC_WARN_64_TO_32_BIT_CONVERSION = YES;
				GCC_WARN_ABOUT_RETURN_TYPE = YES_ERROR;
				GCC_WARN_UNDECLARED_SELECTOR = YES;
				GCC_WARN_UNINITIALIZED_AUTOS = YES_AGGRESSIVE;
				GCC_WARN_UNUSED_FUNCTION = YES;
				GCC_WARN_UNUSED_VARIABLE = YES;
				LOCALIZATION_PREFERS_STRING_CATALOGS = YES;
				MACOSX_DEPLOYMENT_TARGET = 26.0;
				MTL_ENABLE_DEBUG_INFO = NO;
				MTL_FAST_MATH = YES;
				SDKROOT = macosx;
				SWIFT_COMPILATION_MODE = wholemodule;
			};
			name = Release;
		};
		CEDDD17B2EA38D6500C6085F /* Debug */ = {
			isa = XCBuildConfiguration;
			buildSettings = {
				ASSETCATALOG_COMPILER_APPICON_NAME = AppIcon;
				ASSETCATALOG_COMPILER_GLOBAL_ACCENT_COLOR_NAME = AccentColor;
				CODE_SIGN_STYLE = Automatic;
				COMBINE_HIDPI_IMAGES = YES;
				CURRENT_PROJECT_VERSION = 1;
				DEVELOPMENT_TEAM = Y4FV6WUU4V;
				ENABLE_APP_SANDBOX = YES;
				ENABLE_HARDENED_RUNTIME = YES;
				ENABLE_PREVIEWS = YES;
				ENABLE_USER_SELECTED_FILES = readonly;
				GENERATE_INFOPLIST_FILE = YES;
				INFOPLIST_KEY_NSHumanReadableCopyright = "";
				LD_RUNPATH_SEARCH_PATHS = (
					"$(inherited)",
					"@executable_path/../Frameworks",
				);
				MARKETING_VERSION = 1.0;
				PRODUCT_BUNDLE_IDENTIFIER = "-23.OCR-LLM";
				PRODUCT_NAME = "$(TARGET_NAME)";
				REGISTER_APP_GROUPS = YES;
				STRING_CATALOG_GENERATE_SYMBOLS = YES;
				SWIFT_APPROACHABLE_CONCURRENCY = YES;
				SWIFT_DEFAULT_ACTOR_ISOLATION = MainActor;
				SWIFT_EMIT_LOC_STRINGS = YES;
				SWIFT_UPCOMING_FEATURE_MEMBER_IMPORT_VISIBILITY = YES;
				SWIFT_VERSION = 5.0;
			};
			name = Debug;
		};
		CEDDD17C2EA38D6500C6085F /* Release */ = {
			isa = XCBuildConfiguration;
			buildSettings = {
				ASSETCATALOG_COMPILER_APPICON_NAME = AppIcon;
				ASSETCATALOG_COMPILER_GLOBAL_ACCENT_COLOR_NAME = AccentColor;
				CODE_SIGN_STYLE = Automatic;
				COMBINE_HIDPI_IMAGES = YES;
				CURRENT_PROJECT_VERSION = 1;
				DEVELOPMENT_TEAM = Y4FV6WUU4V;
				ENABLE_APP_SANDBOX = YES;
				ENABLE_HARDENED_RUNTIME = YES;
				ENABLE_PREVIEWS = YES;
				ENABLE_USER_SELECTED_FILES = readonly;
				GENERATE_INFOPLIST_FILE = YES;
				INFOPLIST_KEY_NSHumanReadableCopyright = "";
				LD_RUNPATH_SEARCH_PATHS = (
					"$(inherited)",
					"@executable_path/../Frameworks",
				);
				MARKETING_VERSION = 1.0;
				PRODUCT_BUNDLE_IDENTIFIER = "-23.OCR-LLM";
				PRODUCT_NAME = "$(TARGET_NAME)";
				REGISTER_APP_GROUPS = YES;
				STRING_CATALOG_GENERATE_SYMBOLS = YES;
				SWIFT_APPROACHABLE_CONCURRENCY = YES;
				SWIFT_DEFAULT_ACTOR_ISOLATION = MainActor;
				SWIFT_EMIT_LOC_STRINGS = YES;
				SWIFT_UPCOMING_FEATURE_MEMBER_IMPORT_VISIBILITY = YES;
				SWIFT_VERSION = 5.0;
			};
			name = Release;
		};
		CEDDD17E2EA38D6500C6085F /* Debug */ = {
			isa = XCBuildConfiguration;
			buildSettings = {
				BUNDLE_LOADER = "$(TEST_HOST)";
				CODE_SIGN_STYLE = Automatic;
				CURRENT_PROJECT_VERSION = 1;
				DEVELOPMENT_TEAM = Y4FV6WUU4V;
				GENERATE_INFOPLIST_FILE = YES;
				MACOSX_DEPLOYMENT_TARGET = 26.0;
				MARKETING_VERSION = 1.0;
				PRODUCT_BUNDLE_IDENTIFIER = "-23.OCR-LLMTests";
				PRODUCT_NAME = "$(TARGET_NAME)";
				STRING_CATALOG_GENERATE_SYMBOLS = NO;
				SWIFT_APPROACHABLE_CONCURRENCY = YES;
				SWIFT_EMIT_LOC_STRINGS = NO;
				SWIFT_UPCOMING_FEATURE_MEMBER_IMPORT_VISIBILITY = YES;
				SWIFT_VERSION = 5.0;
				TEST_HOST = "$(BUILT_PRODUCTS_DIR)/OCR_LLM.app/$(BUNDLE_EXECUTABLE_FOLDER_PATH)/OCR_LLM";
			};
			name = Debug;
		};
		CEDDD17F2EA38D6500C6085F /* Release */ = {
			isa = XCBuildConfiguration;
			buildSettings = {
				BUNDLE_LOADER = "$(TEST_HOST)";
				CODE_SIGN_STYLE = Automatic;
				CURRENT_PROJECT_VERSION = 1;
				DEVELOPMENT_TEAM = Y4FV6WUU4V;
				GENERATE_INFOPLIST_FILE = YES;
				MACOSX_DEPLOYMENT_TARGET = 26.0;
				MARKETING_VERSION = 1.0;
				PRODUCT_BUNDLE_IDENTIFIER = "-23.OCR-LLMTests";
				PRODUCT_NAME = "$(TARGET_NAME)";
				STRING_CATALOG_GENERATE_SYMBOLS = NO;
				SWIFT_APPROACHABLE_CONCURRENCY = YES;
				SWIFT_EMIT_LOC_STRINGS = NO;
				SWIFT_UPCOMING_FEATURE_MEMBER_IMPORT_VISIBILITY = YES;
				SWIFT_VERSION = 5.0;
				TEST_HOST = "$(BUILT_PRODUCTS_DIR)/OCR_LLM.app/$(BUNDLE_EXECUTABLE_FOLDER_PATH)/OCR_LLM";
			};
			name = Release;
		};
		CEDDD1812EA38D6500C6085F /* Debug */ = {
			isa = XCBuildConfiguration;
			buildSettings = {
				CODE_SIGN_STYLE = Automatic;
				CURRENT_PROJECT_VERSION = 1;
				DEVELOPMENT_TEAM = Y4FV6WUU4V;
				GENERATE_INFOPLIST_FILE = YES;
				MARKETING_VERSION = 1.0;
				PRODUCT_BUNDLE_IDENTIFIER = "-23.OCR-LLMUITests";
				PRODUCT_NAME = "$(TARGET_NAME)";
				STRING_CATALOG_GENERATE_SYMBOLS = NO;
				SWIFT_APPROACHABLE_CONCURRENCY = YES;
				SWIFT_EMIT_LOC_STRINGS = NO;
				SWIFT_UPCOMING_FEATURE_MEMBER_IMPORT_VISIBILITY = YES;
				SWIFT_VERSION = 5.0;
				TEST_TARGET_NAME = OCR_LLM;
			};
			name = Debug;
		};
		CEDDD1822EA38D6500C6085F /* Release */ = {
			isa = XCBuildConfiguration;
			buildSettings = {
				CODE_SIGN_STYLE = Automatic;
				CURRENT_PROJECT_VERSION = 1;
				DEVELOPMENT_TEAM = Y4FV6WUU4V;
				GENERATE_INFOPLIST_FILE = YES;
				MARKETING_VERSION = 1.0;
				PRODUCT_BUNDLE_IDENTIFIER = "-23.OCR-LLMUITests";
				PRODUCT_NAME = "$(TARGET_NAME)";
				STRING_CATALOG_GENERATE_SYMBOLS = NO;
				SWIFT_APPROACHABLE_CONCURRENCY = YES;
				SWIFT_EMIT_LOC_STRINGS = NO;
				SWIFT_UPCOMING_FEATURE_MEMBER_IMPORT_VISIBILITY = YES;
				SWIFT_VERSION = 5.0;
				TEST_TARGET_NAME = OCR_LLM;
			};
			name = Release;
		};
/* End XCBuildConfiguration section */

/* Begin XCConfigurationList section */
		CEDDD1542EA38D6300C6085F /* Build configuration list for PBXProject "OCR_LLM" */ = {
			isa = XCConfigurationList;
			buildConfigurations = (
				CEDDD1782EA38D6500C6085F /* Debug */,
				CEDDD1792EA38D6500C6085F /* Release */,
			);
			defaultConfigurationIsVisible = 0;
			defaultConfigurationName = Release;
		};
		CEDDD17A2EA38D6500C6085F /* Build configuration list for PBXNativeTarget "OCR_LLM" */ = {
			isa = XCConfigurationList;
			buildConfigurations = (
				CEDDD17B2EA38D6500C6085F /* Debug */,
				CEDDD17C2EA38D6500C6085F /* Release */,
			);
			defaultConfigurationIsVisible = 0;
			defaultConfigurationName = Release;
		};
		CEDDD17D2EA38D6500C6085F /* Build configuration list for PBXNativeTarget "OCR_LLMTests" */ = {
			isa = XCConfigurationList;
			buildConfigurations = (
				CEDDD17E2EA38D6500C6085F /* Debug */,
				CEDDD17F2EA38D6500C6085F /* Release */,
			);
			defaultConfigurationIsVisible = 0;
			defaultConfigurationName = Release;
		};
		CEDDD1802EA38D6500C6085F /* Build configuration list for PBXNativeTarget "OCR_LLMUITests" */ = {
			isa = XCConfigurationList;
			buildConfigurations = (
				CEDDD1812EA38D6500C6085F /* Debug */,
				CEDDD1822EA38D6500C6085F /* Release */,
			);
			defaultConfigurationIsVisible = 0;
			defaultConfigurationName = Release;
		};
/* End XCConfigurationList section */
	};
	rootObject = CEDDD1512EA38D6300C6085F /* Project object */;
}
